
Microsoft Visual Studio Solution File, Format Version 12.00
# Visual Studio 15
VisualStudioVersion = 15.0.28307.106
MinimumVisualStudioVersion = 10.0.40219.1
Project("{FAE04EC0-301F-11D3-BF4B-00C04F79EFBC}") = "MergeListTime", "MergeListTime\MergeListTime.csproj", "{99A6C640-667C-46BF-8E52-DC52B2F47A94}"
EndProject
Global
	GlobalSection(SolutionConfigurationPlatforms) = preSolution
		Debug|Any CPU = Debug|Any CPU
		Release|Any CPU = Release|Any CPU
	EndGlobalSection
	GlobalSection(ProjectConfigurationPlatforms) = postSolution
		{99A6C640-667C-46BF-8E52-DC52B2F47A94}.Debug|Any CPU.ActiveCfg = Debug|Any CPU
		{99A6C640-667C-46BF-8E52-DC52B2F47A94}.Debug|Any CPU.Build.0 = Debug|Any CPU
		{99A6C640-667C-46BF-8E52-DC52B2F47A94}.Release|Any CPU.ActiveCfg = Release|Any CPU
		{99A6C640-667C-46BF-8E52-DC52B2F47A94}.Release|Any CPU.Build.0 = Release|Any CPU
	EndGlobalSection
	GlobalSection(SolutionProperties) = preSolution
		HideSolutionNode = FALSE
	EndGlobalSection
	GlobalSection(ExtensibilityGlobals) = postSolution
		SolutionGuid = {7167CBDB-E186-492D-80F8-EC4027109B40}
	EndGlobalSection
EndGlobal
